
Microsoft Visual Studio Solution File, Format Version 12.00
# Visual Studio 14
VisualStudioVersion = 14.0.24720.0
MinimumVisualStudioVersion = 10.0.40219.1
Project("{FAE04EC0-301F-11D3-BF4B-00C04F79EFBC}") = "CommandLineApplicationLauncherUI", "CommandLineApplicationLauncherUI\CommandLineApplicationLauncherUI.csproj", "{D78C87AB-42A9-44FD-922C-35D0187C6C1F}"
EndProject
Project("{FAE04EC0-301F-11D3-BF4B-00C04F79EFBC}") = "CommandLineApplicationLauncherModel", "CommandLineApplicationLauncherModel\CommandLineApplicationLauncherModel.csproj", "{929A05C3-7874-4711-A629-285B7B7FCB07}"
EndProject
Project("{FAE04EC0-301F-11D3-BF4B-00C04F79EFBC}") = "CommandLineApplicationLauncherModel.UnitTest", "CommandLineApplicationLauncherModel.UnitTest\CommandLineApplicationLauncherModel.UnitTest.csproj", "{CD56FDBB-7151-4452-A987-BFB08652B6F0}"
EndProject
Project("{FAE04EC0-301F-11D3-BF4B-00C04F79EFBC}") = "CommandLineApplicationLauncherUI.UnitTest", "CommandLineApplicationLauncherUI.UnitTest\CommandLineApplicationLauncherUI.UnitTest.csproj", "{E0062356-A327-41FC-921A-E9B7F820AA0F}"
EndProject
Project("{FAE04EC0-301F-11D3-BF4B-00C04F79EFBC}") = "CommandLineApplicationLauncherJson", "CommandLineApplicationLauncherJson\CommandLineApplicationLauncherJson.csproj", "{A11B1109-B979-434A-972D-3A3A27495856}"
EndProject
Project("{FAE04EC0-301F-11D3-BF4B-00C04F79EFBC}") = "CommandLineApplicationLauncherFilePersistence", "CommandLineApplicationLauncherFilePersistence\CommandLineApplicationLauncherFilePersistence.csproj", "{BA46FDD9-E28D-4CBF-BC54-0F8B8CE7E37C}"
EndProject
Project("{FAE04EC0-301F-11D3-BF4B-00C04F79EFBC}") = "CommandLineApplicationLauncherPersistenceModel", "CommandLineApplicationLauncherPersistenceModel\CommandLineApplicationLauncherPersistenceModel.csproj", "{B0291CDF-5883-4D29-BCB6-449A6880697D}"
EndProject
Project("{FAE04EC0-301F-11D3-BF4B-00C04F79EFBC}") = "CommandLineApplicationLauncherJson.UnitTest", "CommandLineApplicationLauncherJson.UnitTest\CommandLineApplicationLauncherJson.UnitTest.csproj", "{8C02BA1F-E80D-4826-B7E6-BF798F37E519}"
EndProject
Global
	GlobalSection(SolutionConfigurationPlatforms) = preSolution
		Debug|Any CPU = Debug|Any CPU
		Release|Any CPU = Release|Any CPU
	EndGlobalSection
	GlobalSection(ProjectConfigurationPlatforms) = postSolution
		{D78C87AB-42A9-44FD-922C-35D0187C6C1F}.Debug|Any CPU.ActiveCfg = Debug|Any CPU
		{D78C87AB-42A9-44FD-922C-35D0187C6C1F}.Debug|Any CPU.Build.0 = Debug|Any CPU
		{D78C87AB-42A9-44FD-922C-35D0187C6C1F}.Release|Any CPU.ActiveCfg = Release|Any CPU
		{D78C87AB-42A9-44FD-922C-35D0187C6C1F}.Release|Any CPU.Build.0 = Release|Any CPU
		{929A05C3-7874-4711-A629-285B7B7FCB07}.Debug|Any CPU.ActiveCfg = Debug|Any CPU
		{929A05C3-7874-4711-A629-285B7B7FCB07}.Debug|Any CPU.Build.0 = Debug|Any CPU
		{929A05C3-7874-4711-A629-285B7B7FCB07}.Release|Any CPU.ActiveCfg = Release|Any CPU
		{929A05C3-7874-4711-A629-285B7B7FCB07}.Release|Any CPU.Build.0 = Release|Any CPU
		{CD56FDBB-7151-4452-A987-BFB08652B6F0}.Debug|Any CPU.ActiveCfg = Debug|Any CPU
		{CD56FDBB-7151-4452-A987-BFB08652B6F0}.Debug|Any CPU.Build.0 = Debug|Any CPU
		{CD56FDBB-7151-4452-A987-BFB08652B6F0}.Release|Any CPU.ActiveCfg = Release|Any CPU
		{CD56FDBB-7151-4452-A987-BFB08652B6F0}.Release|Any CPU.Build.0 = Release|Any CPU
		{E0062356-A327-41FC-921A-E9B7F820AA0F}.Debug|Any CPU.ActiveCfg = Debug|Any CPU
		{E0062356-A327-41FC-921A-E9B7F820AA0F}.Debug|Any CPU.Build.0 = Debug|Any CPU
		{E0062356-A327-41FC-921A-E9B7F820AA0F}.Release|Any CPU.ActiveCfg = Release|Any CPU
		{E0062356-A327-41FC-921A-E9B7F820AA0F}.Release|Any CPU.Build.0 = Release|Any CPU
		{A11B1109-B979-434A-972D-3A3A27495856}.Debug|Any CPU.ActiveCfg = Debug|Any CPU
		{A11B1109-B979-434A-972D-3A3A27495856}.Debug|Any CPU.Build.0 = Debug|Any CPU
		{A11B1109-B979-434A-972D-3A3A27495856}.Release|Any CPU.ActiveCfg = Release|Any CPU
		{A11B1109-B979-434A-972D-3A3A27495856}.Release|Any CPU.Build.0 = Release|Any CPU
		{BA46FDD9-E28D-4CBF-BC54-0F8B8CE7E37C}.Debug|Any CPU.ActiveCfg = Debug|Any CPU
		{BA46FDD9-E28D-4CBF-BC54-0F8B8CE7E37C}.Debug|Any CPU.Build.0 = Debug|Any CPU
		{BA46FDD9-E28D-4CBF-BC54-0F8B8CE7E37C}.Release|Any CPU.ActiveCfg = Release|Any CPU
		{BA46FDD9-E28D-4CBF-BC54-0F8B8CE7E37C}.Release|Any CPU.Build.0 = Release|Any CPU
		{B0291CDF-5883-4D29-BCB6-449A6880697D}.Debug|Any CPU.ActiveCfg = Debug|Any CPU
		{B0291CDF-5883-4D29-BCB6-449A6880697D}.Debug|Any CPU.Build.0 = Debug|Any CPU
		{B0291CDF-5883-4D29-BCB6-449A6880697D}.Release|Any CPU.ActiveCfg = Release|Any CPU
		{B0291CDF-5883-4D29-BCB6-449A6880697D}.Release|Any CPU.Build.0 = Release|Any CPU
		{8C02BA1F-E80D-4826-B7E6-BF798F37E519}.Debug|Any CPU.ActiveCfg = Debug|Any CPU
		{8C02BA1F-E80D-4826-B7E6-BF798F37E519}.Debug|Any CPU.Build.0 = Debug|Any CPU
		{8C02BA1F-E80D-4826-B7E6-BF798F37E519}.Release|Any CPU.ActiveCfg = Release|Any CPU
		{8C02BA1F-E80D-4826-B7E6-BF798F37E519}.Release|Any CPU.Build.0 = Release|Any CPU
	EndGlobalSection
	GlobalSection(SolutionProperties) = preSolution
		HideSolutionNode = FALSE
	EndGlobalSection
EndGlobal
